
Microsoft Visual Studio Solution File, Format Version 12.00
# Visual Studio Version 17
VisualStudioVersion = 17.0.32112.339
MinimumVisualStudioVersion = 10.0.40219.1
Project("{2150E333-8FDC-42A3-9474-1A3956D46DE8}") = "Chapter2", "Chapter2", "{CD9FDD5D-7082-49E5-A8FE-625C3FD646D3}"
EndProject
Project("{9A19103F-16F7-4668-BE54-9A1E7A4F7556}") = "LoadDisplaySave", "Chapter2\LoadDisplaySave\LoadDisplaySave.csproj", "{D24A88DA-96F3-48F1-8D58-F4AA87DB8BED}"
EndProject
Project("{2150E333-8FDC-42A3-9474-1A3956D46DE8}") = "Chapter4", "Chapter4", "{64B6CA26-BD3B-419B-AAD5-0B10E04101F7}"
EndProject
Project("{9A19103F-16F7-4668-BE54-9A1E7A4F7556}") = "MatObjectTutorial", "Chapter4\MatObjectTutorial\MatObjectTutorial.csproj", "{E646D651-BDBC-4220-A3A2-D0B750B77DBA}"
EndProject
Project("{9A19103F-16F7-4668-BE54-9A1E7A4F7556}") = "DrawingShapes", "Chapter4\DrawingShapes\DrawingShapes.csproj", "{91752ECD-F087-4287-9B86-201B66448F57}"
EndProject
Project("{2150E333-8FDC-42A3-9474-1A3956D46DE8}") = "Chapter5", "Chapter5", "{CD5898BF-06C1-47FE-995B-02651CA9430D}"
EndProject
Project("{9A19103F-16F7-4668-BE54-9A1E7A4F7556}") = "FirstImageProcessingSteps", "Chapter5\FirstImageProcessingSteps\FirstImageProcessingSteps.csproj", "{C976DDB9-AED9-464E-9165-82A8FA8A4209}"
EndProject
Project("{2150E333-8FDC-42A3-9474-1A3956D46DE8}") = "Chapter6", "Chapter6", "{8B34478D-15D5-46DC-8372-A8AF0A832E1B}"
EndProject
Project("{9A19103F-16F7-4668-BE54-9A1E7A4F7556}") = "ThresholdingDemo", "Chapter6\ThresholdingDemo\ThresholdingDemo.csproj", "{1F3B95C4-5D11-4B25-957A-E0F51836A9EA}"
EndProject
Project("{2150E333-8FDC-42A3-9474-1A3956D46DE8}") = "Chapter7", "Chapter7", "{FD12DE39-FB80-4644-8EF3-EF1FEB5B935A}"
EndProject
Project("{9A19103F-16F7-4668-BE54-9A1E7A4F7556}") = "HistogramDemo", "Chapter7\HistogramDemo\HistogramDemo.csproj", "{403BED8B-9E64-49EE-85EB-2B381DD5BBA5}"
EndProject
Project("{9A19103F-16F7-4668-BE54-9A1E7A4F7556}") = "HistogramExercise", "Chapter7\HistogramExercise\HistogramExercise.csproj", "{5DBD6E4C-6325-428D-9340-FD0D5BE9D91B}"
EndProject
Project("{2150E333-8FDC-42A3-9474-1A3956D46DE8}") = "Chapter8", "Chapter8", "{C0B0F6AC-F46B-4035-8905-A359806A45E0}"
EndProject
Project("{9A19103F-16F7-4668-BE54-9A1E7A4F7556}") = "FilteringImages", "Chapter8\FilteringImages\FilteringImages.csproj", "{9745A0D9-61E5-4014-9CF0-BF6628FBEE81}"
EndProject
Project("{2150E333-8FDC-42A3-9474-1A3956D46DE8}") = "Chapter9", "Chapter9", "{1F7A1606-256E-415D-883F-E12E259131C2}"
EndProject
Project("{9A19103F-16F7-4668-BE54-9A1E7A4F7556}") = "EdgeDetection", "Chapter9\EdgeDetection\EdgeDetection.csproj", "{8D632D79-8649-4E66-8206-1049D7B681E0}"
EndProject
Project("{2150E333-8FDC-42A3-9474-1A3956D46DE8}") = "Chapter10", "Chapter10", "{D8A7E275-939F-4DBD-9126-AB06C1D544AB}"
EndProject
Project("{9A19103F-16F7-4668-BE54-9A1E7A4F7556}") = "ContourDetection", "Chapter10\ContourDetection\ContourDetection.csproj", "{862B63C5-9617-4C7B-A78A-533A80CAF765}"
EndProject
Project("{9A19103F-16F7-4668-BE54-9A1E7A4F7556}") = "ShapeMatching", "Chapter10\ShapeMatching\ShapeMatching.csproj", "{B2308799-8814-4AEA-8AC2-3C3D0A825FF8}"
EndProject
Project("{9A19103F-16F7-4668-BE54-9A1E7A4F7556}") = "MissingPizza", "Chapter10\MissingPizza\MissingPizza.csproj", "{0C4D7F3A-D190-4AB5-891E-B847880E4817}"
EndProject
Project("{2150E333-8FDC-42A3-9474-1A3956D46DE8}") = "Chapter11", "Chapter11", "{2094F0A5-13E5-4A1C-9F0F-131BF3F7608A}"
EndProject
Project("{9A19103F-16F7-4668-BE54-9A1E7A4F7556}") = "MorphologicalOperations", "Chapter11\MorphologicalOperations\MorphologicalOperations.csproj", "{967DE26A-22FB-4825-B55F-16A9856D941D}"
EndProject
Project("{2150E333-8FDC-42A3-9474-1A3956D46DE8}") = "ChapterA2", "ChapterA2", "{91A876A3-AFAD-4C8F-B12E-9BAC4FDA7295}"
EndProject
Project("{9A19103F-16F7-4668-BE54-9A1E7A4F7556}") = "ColorSpaceTracking", "ChapterA2\ColorSpaceTracking\ColorSpaceTracking.csproj", "{DC855ED5-B121-44E4-AED8-500A97F1C94E}"
EndProject
Project("{2150E333-8FDC-42A3-9474-1A3956D46DE8}") = "ChapterA3", "ChapterA3", "{5F8CACD6-C667-4219-93DD-41863840BD28}"
EndProject
Project("{FAE04EC0-301F-11D3-BF4B-00C04F79EFBC}") = "BarcodeDotnet", "ChapterA3\BarcodeDotnet\BarcodeDotnet.csproj", "{AFF1C2C2-3433-45AD-82F6-3EEE2FB7EA2F}"
EndProject
Global
	GlobalSection(SolutionConfigurationPlatforms) = preSolution
		Debug|Any CPU = Debug|Any CPU
		Release|Any CPU = Release|Any CPU
	EndGlobalSection
	GlobalSection(ProjectConfigurationPlatforms) = postSolution
		{D24A88DA-96F3-48F1-8D58-F4AA87DB8BED}.Debug|Any CPU.ActiveCfg = Debug|Any CPU
		{D24A88DA-96F3-48F1-8D58-F4AA87DB8BED}.Debug|Any CPU.Build.0 = Debug|Any CPU
		{D24A88DA-96F3-48F1-8D58-F4AA87DB8BED}.Release|Any CPU.ActiveCfg = Release|Any CPU
		{D24A88DA-96F3-48F1-8D58-F4AA87DB8BED}.Release|Any CPU.Build.0 = Release|Any CPU
		{E646D651-BDBC-4220-A3A2-D0B750B77DBA}.Debug|Any CPU.ActiveCfg = Debug|Any CPU
		{E646D651-BDBC-4220-A3A2-D0B750B77DBA}.Debug|Any CPU.Build.0 = Debug|Any CPU
		{E646D651-BDBC-4220-A3A2-D0B750B77DBA}.Release|Any CPU.ActiveCfg = Release|Any CPU
		{E646D651-BDBC-4220-A3A2-D0B750B77DBA}.Release|Any CPU.Build.0 = Release|Any CPU
		{91752ECD-F087-4287-9B86-201B66448F57}.Debug|Any CPU.ActiveCfg = Debug|Any CPU
		{91752ECD-F087-4287-9B86-201B66448F57}.Debug|Any CPU.Build.0 = Debug|Any CPU
		{91752ECD-F087-4287-9B86-201B66448F57}.Release|Any CPU.ActiveCfg = Release|Any CPU
		{91752ECD-F087-4287-9B86-201B66448F57}.Release|Any CPU.Build.0 = Release|Any CPU
		{C976DDB9-AED9-464E-9165-82A8FA8A4209}.Debug|Any CPU.ActiveCfg = Debug|Any CPU
		{C976DDB9-AED9-464E-9165-82A8FA8A4209}.Debug|Any CPU.Build.0 = Debug|Any CPU
		{C976DDB9-AED9-464E-9165-82A8FA8A4209}.Release|Any CPU.ActiveCfg = Release|Any CPU
		{C976DDB9-AED9-464E-9165-82A8FA8A4209}.Release|Any CPU.Build.0 = Release|Any CPU
		{1F3B95C4-5D11-4B25-957A-E0F51836A9EA}.Debug|Any CPU.ActiveCfg = Debug|Any CPU
		{1F3B95C4-5D11-4B25-957A-E0F51836A9EA}.Debug|Any CPU.Build.0 = Debug|Any CPU
		{1F3B95C4-5D11-4B25-957A-E0F51836A9EA}.Release|Any CPU.ActiveCfg = Release|Any CPU
		{1F3B95C4-5D11-4B25-957A-E0F51836A9EA}.Release|Any CPU.Build.0 = Release|Any CPU
		{403BED8B-9E64-49EE-85EB-2B381DD5BBA5}.Debug|Any CPU.ActiveCfg = Debug|Any CPU
		{403BED8B-9E64-49EE-85EB-2B381DD5BBA5}.Debug|Any CPU.Build.0 = Debug|Any CPU
		{403BED8B-9E64-49EE-85EB-2B381DD5BBA5}.Release|Any CPU.ActiveCfg = Release|Any CPU
		{403BED8B-9E64-49EE-85EB-2B381DD5BBA5}.Release|Any CPU.Build.0 = Release|Any CPU
		{5DBD6E4C-6325-428D-9340-FD0D5BE9D91B}.Debug|Any CPU.ActiveCfg = Debug|Any CPU
		{5DBD6E4C-6325-428D-9340-FD0D5BE9D91B}.Debug|Any CPU.Build.0 = Debug|Any CPU
		{5DBD6E4C-6325-428D-9340-FD0D5BE9D91B}.Release|Any CPU.ActiveCfg = Release|Any CPU
		{5DBD6E4C-6325-428D-9340-FD0D5BE9D91B}.Release|Any CPU.Build.0 = Release|Any CPU
		{9745A0D9-61E5-4014-9CF0-BF6628FBEE81}.Debug|Any CPU.ActiveCfg = Debug|Any CPU
		{9745A0D9-61E5-4014-9CF0-BF6628FBEE81}.Debug|Any CPU.Build.0 = Debug|Any CPU
		{9745A0D9-61E5-4014-9CF0-BF6628FBEE81}.Release|Any CPU.ActiveCfg = Release|Any CPU
		{9745A0D9-61E5-4014-9CF0-BF6628FBEE81}.Release|Any CPU.Build.0 = Release|Any CPU
		{8D632D79-8649-4E66-8206-1049D7B681E0}.Debug|Any CPU.ActiveCfg = Debug|Any CPU
		{8D632D79-8649-4E66-8206-1049D7B681E0}.Debug|Any CPU.Build.0 = Debug|Any CPU
		{8D632D79-8649-4E66-8206-1049D7B681E0}.Release|Any CPU.ActiveCfg = Release|Any CPU
		{8D632D79-8649-4E66-8206-1049D7B681E0}.Release|Any CPU.Build.0 = Release|Any CPU
		{862B63C5-9617-4C7B-A78A-533A80CAF765}.Debug|Any CPU.ActiveCfg = Debug|Any CPU
		{862B63C5-9617-4C7B-A78A-533A80CAF765}.Debug|Any CPU.Build.0 = Debug|Any CPU
		{862B63C5-9617-4C7B-A78A-533A80CAF765}.Release|Any CPU.ActiveCfg = Release|Any CPU
		{862B63C5-9617-4C7B-A78A-533A80CAF765}.Release|Any CPU.Build.0 = Release|Any CPU
		{B2308799-8814-4AEA-8AC2-3C3D0A825FF8}.Debug|Any CPU.ActiveCfg = Debug|Any CPU
		{B2308799-8814-4AEA-8AC2-3C3D0A825FF8}.Debug|Any CPU.Build.0 = Debug|Any CPU
		{B2308799-8814-4AEA-8AC2-3C3D0A825FF8}.Release|Any CPU.ActiveCfg = Release|Any CPU
		{B2308799-8814-4AEA-8AC2-3C3D0A825FF8}.Release|Any CPU.Build.0 = Release|Any CPU
		{0C4D7F3A-D190-4AB5-891E-B847880E4817}.Debug|Any CPU.ActiveCfg = Debug|Any CPU
		{0C4D7F3A-D190-4AB5-891E-B847880E4817}.Debug|Any CPU.Build.0 = Debug|Any CPU
		{0C4D7F3A-D190-4AB5-891E-B847880E4817}.Release|Any CPU.ActiveCfg = Release|Any CPU
		{0C4D7F3A-D190-4AB5-891E-B847880E4817}.Release|Any CPU.Build.0 = Release|Any CPU
		{967DE26A-22FB-4825-B55F-16A9856D941D}.Debug|Any CPU.ActiveCfg = Debug|Any CPU
		{967DE26A-22FB-4825-B55F-16A9856D941D}.Debug|Any CPU.Build.0 = Debug|Any CPU
		{967DE26A-22FB-4825-B55F-16A9856D941D}.Release|Any CPU.ActiveCfg = Release|Any CPU
		{967DE26A-22FB-4825-B55F-16A9856D941D}.Release|Any CPU.Build.0 = Release|Any CPU
		{DC855ED5-B121-44E4-AED8-500A97F1C94E}.Debug|Any CPU.ActiveCfg = Debug|Any CPU
		{DC855ED5-B121-44E4-AED8-500A97F1C94E}.Debug|Any CPU.Build.0 = Debug|Any CPU
		{DC855ED5-B121-44E4-AED8-500A97F1C94E}.Release|Any CPU.ActiveCfg = Release|Any CPU
		{DC855ED5-B121-44E4-AED8-500A97F1C94E}.Release|Any CPU.Build.0 = Release|Any CPU
		{AFF1C2C2-3433-45AD-82F6-3EEE2FB7EA2F}.Debug|Any CPU.ActiveCfg = Debug|Any CPU
		{AFF1C2C2-3433-45AD-82F6-3EEE2FB7EA2F}.Debug|Any CPU.Build.0 = Debug|Any CPU
		{AFF1C2C2-3433-45AD-82F6-3EEE2FB7EA2F}.Release|Any CPU.ActiveCfg = Release|Any CPU
		{AFF1C2C2-3433-45AD-82F6-3EEE2FB7EA2F}.Release|Any CPU.Build.0 = Release|Any CPU
	EndGlobalSection
	GlobalSection(SolutionProperties) = preSolution
		HideSolutionNode = FALSE
	EndGlobalSection
	GlobalSection(NestedProjects) = preSolution
		{D24A88DA-96F3-48F1-8D58-F4AA87DB8BED} = {CD9FDD5D-7082-49E5-A8FE-625C3FD646D3}
		{E646D651-BDBC-4220-A3A2-D0B750B77DBA} = {64B6CA26-BD3B-419B-AAD5-0B10E04101F7}
		{91752ECD-F087-4287-9B86-201B66448F57} = {64B6CA26-BD3B-419B-AAD5-0B10E04101F7}
		{C976DDB9-AED9-464E-9165-82A8FA8A4209} = {CD5898BF-06C1-47FE-995B-02651CA9430D}
		{1F3B95C4-5D11-4B25-957A-E0F51836A9EA} = {8B34478D-15D5-46DC-8372-A8AF0A832E1B}
		{403BED8B-9E64-49EE-85EB-2B381DD5BBA5} = {FD12DE39-FB80-4644-8EF3-EF1FEB5B935A}
		{5DBD6E4C-6325-428D-9340-FD0D5BE9D91B} = {FD12DE39-FB80-4644-8EF3-EF1FEB5B935A}
		{9745A0D9-61E5-4014-9CF0-BF6628FBEE81} = {C0B0F6AC-F46B-4035-8905-A359806A45E0}
		{8D632D79-8649-4E66-8206-1049D7B681E0} = {1F7A1606-256E-415D-883F-E12E259131C2}
		{862B63C5-9617-4C7B-A78A-533A80CAF765} = {D8A7E275-939F-4DBD-9126-AB06C1D544AB}
		{B2308799-8814-4AEA-8AC2-3C3D0A825FF8} = {D8A7E275-939F-4DBD-9126-AB06C1D544AB}
		{0C4D7F3A-D190-4AB5-891E-B847880E4817} = {D8A7E275-939F-4DBD-9126-AB06C1D544AB}
		{967DE26A-22FB-4825-B55F-16A9856D941D} = {2094F0A5-13E5-4A1C-9F0F-131BF3F7608A}
		{DC855ED5-B121-44E4-AED8-500A97F1C94E} = {91A876A3-AFAD-4C8F-B12E-9BAC4FDA7295}
		{AFF1C2C2-3433-45AD-82F6-3EEE2FB7EA2F} = {5F8CACD6-C667-4219-93DD-41863840BD28}
	EndGlobalSection
	GlobalSection(ExtensibilityGlobals) = postSolution
		SolutionGuid = {053921E5-E3B5-4CA6-A4B0-BD3894DF5439}
	EndGlobalSection
EndGlobal
